// !$*UTF8*$!
{
	archiveVersion = 1;
	classes = {
	};
	objectVersion = 46;
	objects = {

/* Begin PBXBuildFile section */
		83B29E7F1B06EDBE0038D1CA /* AppDelegate.swift in Sources */ = {isa = PBXBuildFile; fileRef = 83B29E7E1B06EDBE0038D1CA /* AppDelegate.swift */; };
		83B29E811B06EDBE0038D1CA /* ViewController.swift in Sources */ = {isa = PBXBuildFile; fileRef = 83B29E801B06EDBE0038D1CA /* ViewController.swift */; };
		83B29E841B06EDBE0038D1CA /* Main.storyboard in Resources */ = {isa = PBXBuildFile; fileRef = 83B29E821B06EDBE0038D1CA /* Main.storyboard */; };
		83B29E861B06EDBE0038D1CA /* Images.xcassets in Resources */ = {isa = PBXBuildFile; fileRef = 83B29E851B06EDBE0038D1CA /* Images.xcassets */; };
		83B29E891B06EDBE0038D1CA /* LaunchScreen.xib in Resources */ = {isa = PBXBuildFile; fileRef = 83B29E871B06EDBE0038D1CA /* LaunchScreen.xib */; };
		83B29E951B06EDBE0038D1CA /* MemeMeTests.swift in Sources */ = {isa = PBXBuildFile; fileRef = 83B29E941B06EDBE0038D1CA /* MemeMeTests.swift */; };
		83B29EA01B0AD5E10038D1CA /* MemeTextFieldDelegate.swift in Sources */ = {isa = PBXBuildFile; fileRef = 83B29E9F1B0AD5E10038D1CA /* MemeTextFieldDelegate.swift */; };
/* End PBXBuildFile section */

/* Begin PBXContainerItemProxy section */
		83B29E8F1B06EDBE0038D1CA /* PBXContainerItemProxy */ = {
			isa = PBXContainerItemProxy;
			containerPortal = 83B29E711B06EDBE0038D1CA /* Project object */;
			proxyType = 1;
			remoteGlobalIDString = 83B29E781B06EDBE0038D1CA;
			remoteInfo = MemeMe;
		};
/* End PBXContainerItemProxy section */

/* Begin PBXFileReference section */
		83B29E791B06EDBE0038D1CA /* MemeMe.app */ = {isa = PBXFileReference; explicitFileType = wrapper.application; includeInIndex = 0; path = MemeMe.app; sourceTree = BUILT_PRODUCTS_DIR; };
		83B29E7D1B06EDBE0038D1CA /* Info.plist */ = {isa = PBXFileReference; lastKnownFileType = text.plist.xml; path = Info.plist; sourceTree = "<group>"; };
		83B29E7E1B06EDBE0038D1CA /* AppDelegate.swift */ = {isa = PBXFileReference; lastKnownFileType = sourcecode.swift; path = AppDelegate.swift; sourceTree = "<group>"; };
		83B29E801B06EDBE0038D1CA /* ViewController.swift */ = {isa = PBXFileReference; lastKnownFileType = sourcecode.swift; path = ViewController.swift; sourceTree = "<group>"; };
		83B29E831B06EDBE0038D1CA /* Base */ = {isa = PBXFileReference; lastKnownFileType = file.storyboard; name = Base; path = Base.lproj/Main.storyboard; sourceTree = "<group>"; };
		83B29E851B06EDBE0038D1CA /* Images.xcassets */ = {isa = PBXFileReference; lastKnownFileType = folder.assetcatalog; path = Images.xcassets; sourceTree = "<group>"; };
		83B29E881B06EDBE0038D1CA /* Base */ = {isa = PBXFileReference; lastKnownFileType = file.xib; name = Base; path = Base.lproj/LaunchScreen.xib; sourceTree = "<group>"; };
		83B29E8E1B06EDBE0038D1CA /* MemeMeTests.xctest */ = {isa = PBXFileReference; explicitFileType = wrapper.cfbundle; includeInIndex = 0; path = MemeMeTests.xctest; sourceTree = BUILT_PRODUCTS_DIR; };
		83B29E931B06EDBE0038D1CA /* Info.plist */ = {isa = PBXFileReference; lastKnownFileType = text.plist.xml; path = Info.plist; sourceTree = "<group>"; };
		83B29E941B06EDBE0038D1CA /* MemeMeTests.swift */ = {isa = PBXFileReference; lastKnownFileType = sourcecode.swift; path = MemeMeTests.swift; sourceTree = "<group>"; };
		83B29E9F1B0AD5E10038D1CA /* MemeTextFieldDelegate.swift */ = {isa = PBXFileReference; fileEncoding = 4; lastKnownFileType = sourcecode.swift; path = MemeTextFieldDelegate.swift; sourceTree = "<group>"; };
/* End PBXFileReference section */

/* Begin PBXFrameworksBuildPhase section */
		83B29E761B06EDBE0038D1CA /* Frameworks */ = {
			isa = PBXFrameworksBuildPhase;
			buildActionMask = 2147483647;
			files = (
			);
			runOnlyForDeploymentPostprocessing = 0;
		};
		83B29E8B1B06EDBE0038D1CA /* Frameworks */ = {
			isa = PBXFrameworksBuildPhase;
			buildActionMask = 2147483647;
			files = (
			);
			runOnlyForDeploymentPostprocessing = 0;
		};
/* End PBXFrameworksBuildPhase section */

/* Begin PBXGroup section */
		83B29E701B06EDBE0038D1CA = {
			isa = PBXGroup;
			children = (
				83B29E7B1B06EDBE0038D1CA /* MemeMe */,
				83B29E911B06EDBE0038D1CA /* MemeMeTests */,
				83B29E7A1B06EDBE0038D1CA /* Products */,
			);
			sourceTree = "<group>";
		};
		83B29E7A1B06EDBE0038D1CA /* Products */ = {
			isa = PBXGroup;
			children = (
				83B29E791B06EDBE0038D1CA /* MemeMe.app */,
				83B29E8E1B06EDBE0038D1CA /* MemeMeTests.xctest */,
			);
			name = Products;
			sourceTree = "<group>";
		};
		83B29E7B1B06EDBE0038D1CA /* MemeMe */ = {
			isa = PBXGroup;
			children = (
				83B29E7E1B06EDBE0038D1CA /* AppDelegate.swift */,
				83B29E801B06EDBE0038D1CA /* ViewController.swift */,
				83B29E821B06EDBE0038D1CA /* Main.storyboard */,
				83B29E851B06EDBE0038D1CA /* Images.xcassets */,
				83B29E871B06EDBE0038D1CA /* LaunchScreen.xib */,
				83B29E7C1B06EDBE0038D1CA /* Supporting Files */,
				83B29E9F1B0AD5E10038D1CA /* MemeTextFieldDelegate.swift */,
			);
			path = MemeMe;
			sourceTree = "<group>";
		};
		83B29E7C1B06EDBE0038D1CA /* Supporting Files */ = {
			isa = PBXGroup;
			children = (
				83B29E7D1B06EDBE0038D1CA /* Info.plist */,
			);
			name = "Supporting Files";
			sourceTree = "<group>";
		};
		83B29E911B06EDBE0038D1CA /* MemeMeTests */ = {
			isa = PBXGroup;
			children = (
				83B29E941B06EDBE0038D1CA /* MemeMeTests.swift */,
				83B29E921B06EDBE0038D1CA /* Supporting Files */,
			);
			path = MemeMeTests;
			sourceTree = "<group>";
		};
		83B29E921B06EDBE0038D1CA /* Supporting Files */ = {
			isa = PBXGroup;
			children = (
				83B29E931B06EDBE0038D1CA /* Info.plist */,
			);
			name = "Supporting Files";
			sourceTree = "<group>";
		};
/* End PBXGroup section */

/* Begin PBXNativeTarget section */
		83B29E781B06EDBE0038D1CA /* MemeMe */ = {
			isa = PBXNativeTarget;
			buildConfigurationList = 83B29E981B06EDBF0038D1CA /* Build configuration list for PBXNativeTarget "MemeMe" */;
			buildPhases = (
				83B29E751B06EDBE0038D1CA /* Sources */,
				83B29E761B06EDBE0038D1CA /* Frameworks */,
				83B29E771B06EDBE0038D1CA /* Resources */,
			);
			buildRules = (
			);
			dependencies = (
			);
			name = MemeMe;
			productName = MemeMe;
			productReference = 83B29E791B06EDBE0038D1CA /* MemeMe.app */;
			productType = "com.apple.product-type.application";
		};
		83B29E8D1B06EDBE0038D1CA /* MemeMeTests */ = {
			isa = PBXNativeTarget;
			buildConfigurationList = 83B29E9B1B06EDBF0038D1CA /* Build configuration list for PBXNativeTarget "MemeMeTests" */;
			buildPhases = (
				83B29E8A1B06EDBE0038D1CA /* Sources */,
				83B29E8B1B06EDBE0038D1CA /* Frameworks */,
				83B29E8C1B06EDBE0038D1CA /* Resources */,
			);
			buildRules = (
			);
			dependencies = (
				83B29E901B06EDBE0038D1CA /* PBXTargetDependency */,
			);
			name = MemeMeTests;
			productName = MemeMeTests;
			productReference = 83B29E8E1B06EDBE0038D1CA /* MemeMeTests.xctest */;
			productType = "com.apple.product-type.bundle.unit-test";
		};
/* End PBXNativeTarget section */

/* Begin PBXProject section */
		83B29E711B06EDBE0038D1CA /* Project object */ = {
			isa = PBXProject;
			attributes = {
				LastUpgradeCheck = 0630;
				ORGANIZATIONNAME = "Chris Supranowitz";
				TargetAttributes = {
					83B29E781B06EDBE0038D1CA = {
						CreatedOnToolsVersion = 6.3.1;
					};
					83B29E8D1B06EDBE0038D1CA = {
						CreatedOnToolsVersion = 6.3.1;
						TestTargetID = 83B29E781B06EDBE0038D1CA;
					};
				};
			};
			buildConfigurationList = 83B29E741B06EDBE0038D1CA /* Build configuration list for PBXProject "MemeMe" */;
			compatibilityVersion = "Xcode 3.2";
			developmentRegion = English;
			hasScannedForEncodings = 0;
			knownRegions = (
				en,
				Base,
			);
			mainGroup = 83B29E701B06EDBE0038D1CA;
			productRefGroup = 83B29E7A1B06EDBE0038D1CA /* Products */;
			projectDirPath = "";
			projectRoot = "";
			targets = (
				83B29E781B06EDBE0038D1CA /* MemeMe */,
				83B29E8D1B06EDBE0038D1CA /* MemeMeTests */,
			);
		};
/* End PBXProject section */

/* Begin PBXResourcesBuildPhase section */
		83B29E771B06EDBE0038D1CA /* Resources */ = {
			isa = PBXResourcesBuildPhase;
			buildActionMask = 2147483647;
			files = (
				83B29E841B06EDBE0038D1CA /* Main.storyboard in Resources */,
				83B29E891B06EDBE0038D1CA /* LaunchScreen.xib in Resources */,
				83B29E861B06EDBE0038D1CA /* Images.xcassets in Resources */,
			);
			runOnlyForDeploymentPostprocessing = 0;
		};
		83B29E8C1B06EDBE0038D1CA /* Resources */ = {
			isa = PBXResourcesBuildPhase;
			buildActionMask = 2147483647;
			files = (
			);
			runOnlyForDeploymentPostprocessing = 0;
		};
/* End PBXResourcesBuildPhase section */

/* Begin PBXSourcesBuildPhase section */
		83B29E751B06EDBE0038D1CA /* Sources */ = {
			isa = PBXSourcesBuildPhase;
			buildActionMask = 2147483647;
			files = (
				83B29E811B06EDBE0038D1CA /* ViewController.swift in Sources */,
				83B29EA01B0AD5E10038D1CA /* MemeTextFieldDelegate.swift in Sources */,
				83B29E7F1B06EDBE0038D1CA /* AppDelegate.swift in Sources */,
			);
			runOnlyForDeploymentPostprocessing = 0;
		};
		83B29E8A1B06EDBE0038D1CA /* Sources */ = {
			isa = PBXSourcesBuildPhase;
			buildActionMask = 2147483647;
			files = (
				83B29E951B06EDBE0038D1CA /* MemeMeTests.swift in Sources */,
			);
			runOnlyForDeploymentPostprocessing = 0;
		};
/* End PBXSourcesBuildPhase section */

/* Begin PBXTargetDependency section */
		83B29E901B06EDBE0038D1CA /* PBXTargetDependency */ = {
			isa = PBXTargetDependency;
			target = 83B29E781B06EDBE0038D1CA /* MemeMe */;
			targetProxy = 83B29E8F1B06EDBE0038D1CA /* PBXContainerItemProxy */;
		};
/* End PBXTargetDependency section */

/* Begin PBXVariantGroup section */
		83B29E821B06EDBE0038D1CA /* Main.storyboard */ = {
			isa = PBXVariantGroup;
			children = (
				83B29E831B06EDBE0038D1CA /* Base */,
			);
			name = Main.storyboard;
			sourceTree = "<group>";
		};
		83B29E871B06EDBE0038D1CA /* LaunchScreen.xib */ = {
			isa = PBXVariantGroup;
			children = (
				83B29E881B06EDBE0038D1CA /* Base */,
			);
			name = LaunchScreen.xib;
			sourceTree = "<group>";
		};
/* End PBXVariantGroup section */

/* Begin XCBuildConfiguration section */
		83B29E961B06EDBF0038D1CA /* Debug */ = {
			isa = XCBuildConfiguration;
			buildSettings = {
				ALWAYS_SEARCH_USER_PATHS = NO;
				CLANG_CXX_LANGUAGE_STANDARD = "gnu++0x";
				CLANG_CXX_LIBRARY = "libc++";
				CLANG_ENABLE_MODULES = YES;
				CLANG_ENABLE_OBJC_ARC = YES;
				CLANG_WARN_BOOL_CONVERSION = YES;
				CLANG_WARN_CONSTANT_CONVERSION = YES;
				CLANG_WARN_DIRECT_OBJC_ISA_USAGE = YES_ERROR;
				CLANG_WARN_EMPTY_BODY = YES;
				CLANG_WARN_ENUM_CONVERSION = YES;
				CLANG_WARN_INT_CONVERSION = YES;
				CLANG_WARN_OBJC_ROOT_CLASS = YES_ERROR;
				CLANG_WARN_UNREACHABLE_CODE = YES;
				CLANG_WARN__DUPLICATE_METHOD_MATCH = YES;
				"CODE_SIGN_IDENTITY[sdk=iphoneos*]" = "iPhone Developer";
				COPY_PHASE_STRIP = NO;
				DEBUG_INFORMATION_FORMAT = "dwarf-with-dsym";
				ENABLE_STRICT_OBJC_MSGSEND = YES;
				GCC_C_LANGUAGE_STANDARD = gnu99;
				GCC_DYNAMIC_NO_PIC = NO;
				GCC_NO_COMMON_BLOCKS = YES;
				GCC_OPTIMIZATION_LEVEL = 0;
				GCC_PREPROCESSOR_DEFINITIONS = (
					"DEBUG=1",
					"$(inherited)",
				);
				GCC_SYMBOLS_PRIVATE_EXTERN = NO;
				GCC_WARN_64_TO_32_BIT_CONVERSION = YES;
				GCC_WARN_ABOUT_RETURN_TYPE = YES_ERROR;
				GCC_WARN_UNDECLARED_SELECTOR = YES;
				GCC_WARN_UNINITIALIZED_AUTOS = YES_AGGRESSIVE;
				GCC_WARN_UNUSED_FUNCTION = YES;
				GCC_WARN_UNUSED_VARIABLE = YES;
				IPHONEOS_DEPLOYMENT_TARGET = 8.3;
				MTL_ENABLE_DEBUG_INFO = YES;
				ONLY_ACTIVE_ARCH = YES;
				SDKROOT = iphoneos;
				SWIFT_OPTIMIZATION_LEVEL = "-Onone";
			};
			name = Debug;
		};
		83B29E971B06EDBF0038D1CA /* Release */ = {
			isa = XCBuildConfiguration;
			buildSettings = {
				ALWAYS_SEARCH_USER_PATHS = NO;
				CLANG_CXX_LANGUAGE_STANDARD = "gnu++0x";
				CLANG_CXX_LIBRARY = "libc++";
				CLANG_ENABLE_MODULES = YES;
				CLANG_ENABLE_OBJC_ARC = YES;
				CLANG_WARN_BOOL_CONVERSION = YES;
				CLANG_WARN_CONSTANT_CONVERSION = YES;
				CLANG_WARN_DIRECT_OBJC_ISA_USAGE = YES_ERROR;
				CLANG_WARN_EMPTY_BODY = YES;
				CLANG_WARN_ENUM_CONVERSION = YES;
				CLANG_WARN_INT_CONVERSION = YES;
				CLANG_WARN_OBJC_ROOT_CLASS = YES_ERROR;
				CLANG_WARN_UNREACHABLE_CODE = YES;
				CLANG_WARN__DUPLICATE_METHOD_MATCH = YES;
				"CODE_SIGN_IDENTITY[sdk=iphoneos*]" = "iPhone Developer";
				COPY_PHASE_STRIP = NO;
				DEBUG_INFORMATION_FORMAT = "dwarf-with-dsym";
				ENABLE_NS_ASSERTIONS = NO;
				ENABLE_STRICT_OBJC_MSGSEND = YES;
				GCC_C_LANGUAGE_STANDARD = gnu99;
				GCC_NO_COMMON_BLOCKS = YES;
				GCC_WARN_64_TO_32_BIT_CONVERSION = YES;
				GCC_WARN_ABOUT_RETURN_TYPE = YES_ERROR;
				GCC_WARN_UNDECLARED_SELECTOR = YES;
				GCC_WARN_UNINITIALIZED_AUTOS = YES_AGGRESSIVE;
				GCC_WARN_UNUSED_FUNCTION = YES;
				GCC_WARN_UNUSED_VARIABLE = YES;
				IPHONEOS_DEPLOYMENT_TARGET = 8.3;
				MTL_ENABLE_DEBUG_INFO = NO;
				SDKROOT = iphoneos;
				VALIDATE_PRODUCT = YES;
			};
			name = Release;
		};
		83B29E991B06EDBF0038D1CA /* Debug */ = {
			isa = XCBuildConfiguration;
			buildSettings = {
				ASSETCATALOG_COMPILER_APPICON_NAME = AppIcon;
				INFOPLIST_FILE = MemeMe/Info.plist;
				LD_RUNPATH_SEARCH_PATHS = "$(inherited) @executable_path/Frameworks";
				PRODUCT_NAME = "$(TARGET_NAME)";
			};
			name = Debug;
		};
		83B29E9A1B06EDBF0038D1CA /* Release */ = {
			isa = XCBuildConfiguration;
			buildSettings = {
				ASSETCATALOG_COMPILER_APPICON_NAME = AppIcon;
				INFOPLIST_FILE = MemeMe/Info.plist;
				LD_RUNPATH_SEARCH_PATHS = "$(inherited) @executable_path/Frameworks";
				PRODUCT_NAME = "$(TARGET_NAME)";
			};
			name = Release;
		};
		83B29E9C1B06EDBF0038D1CA /* Debug */ = {
			isa = XCBuildConfiguration;
			buildSettings = {
				BUNDLE_LOADER = "$(TEST_HOST)";
				FRAMEWORK_SEARCH_PATHS = (
					"$(SDKROOT)/Developer/Library/Frameworks",
					"$(inherited)",
				);
				GCC_PREPROCESSOR_DEFINITIONS = (
					"DEBUG=1",
					"$(inherited)",
				);
				INFOPLIST_FILE = MemeMeTests/Info.plist;
				LD_RUNPATH_SEARCH_PATHS = "$(inherited) @executable_path/Frameworks @loader_path/Frameworks";
				PRODUCT_NAME = "$(TARGET_NAME)";
				TEST_HOST = "$(BUILT_PRODUCTS_DIR)/MemeMe.app/MemeMe";
			};
			name = Debug;
		};
		83B29E9D1B06EDBF0038D1CA /* Release */ = {
			isa = XCBuildConfiguration;
			buildSettings = {
				BUNDLE_LOADER = "$(TEST_HOST)";
				FRAMEWORK_SEARCH_PATHS = (
					"$(SDKROOT)/Developer/Library/Frameworks",
					"$(inherited)",
				);
				INFOPLIST_FILE = MemeMeTests/Info.plist;
				LD_RUNPATH_SEARCH_PATHS = "$(inherited) @executable_path/Frameworks @loader_path/Frameworks";
				PRODUCT_NAME = "$(TARGET_NAME)";
				TEST_HOST = "$(BUILT_PRODUCTS_DIR)/MemeMe.app/MemeMe";
			};
			name = Release;
		};
/* End XCBuildConfiguration section */

/* Begin XCConfigurationList section */
		83B29E741B06EDBE0038D1CA /* Build configuration list for PBXProject "MemeMe" */ = {
			isa = XCConfigurationList;
			buildConfigurations = (
				83B29E961B06EDBF0038D1CA /* Debug */,
				83B29E971B06EDBF0038D1CA /* Release */,
			);
			defaultConfigurationIsVisible = 0;
			defaultConfigurationName = Release;
		};
		83B29E981B06EDBF0038D1CA /* Build configuration list for PBXNativeTarget "MemeMe" */ = {
			isa = XCConfigurationList;
			buildConfigurations = (
				83B29E991B06EDBF0038D1CA /* Debug */,
				83B29E9A1B06EDBF0038D1CA /* Release */,
			);
			defaultConfigurationIsVisible = 0;
			defaultConfigurationName = Release;
		};
		83B29E9B1B06EDBF0038D1CA /* Build configuration list for PBXNativeTarget "MemeMeTests" */ = {
			isa = XCConfigurationList;
			buildConfigurations = (
				83B29E9C1B06EDBF0038D1CA /* Debug */,
				83B29E9D1B06EDBF0038D1CA /* Release */,
			);
			defaultConfigurationIsVisible = 0;
			defaultConfigurationName = Release;
		};
/* End XCConfigurationList section */
	};
	rootObject = 83B29E711B06EDBE0038D1CA /* Project object */;
}
